
Microsoft Visual Studio Solution File, Format Version 12.00
# Visual Studio Version 16
VisualStudioVersion = 16.0.29123.88
MinimumVisualStudioVersion = 10.0.40219.1
Project("{FAE04EC0-301F-11D3-BF4B-00C04F79EFBC}") = "HomeWorkch_1", "HomeWorkch_1\HomeWorkch_1.csproj", "{55622D0B-E054-47EC-B286-85D92029C667}"
EndProject
Global
	GlobalSection(SolutionConfigurationPlatforms) = preSolution
		Debug|Any CPU = Debug|Any CPU
		Release|Any CPU = Release|Any CPU
	EndGlobalSection
	GlobalSection(ProjectConfigurationPlatforms) = postSolution
		{55622D0B-E054-47EC-B286-85D92029C667}.Debug|Any CPU.ActiveCfg = Debug|Any CPU
		{55622D0B-E054-47EC-B286-85D92029C667}.Debug|Any CPU.Build.0 = Debug|Any CPU
		{55622D0B-E054-47EC-B286-85D92029C667}.Release|Any CPU.ActiveCfg = Release|Any CPU
		{55622D0B-E054-47EC-B286-85D92029C667}.Release|Any CPU.Build.0 = Release|Any CPU
	EndGlobalSection
	GlobalSection(SolutionProperties) = preSolution
		HideSolutionNode = FALSE
	EndGlobalSection
	GlobalSection(ExtensibilityGlobals) = postSolution
		SolutionGuid = {6BDE3EF8-D4E3-4884-A5BD-5F0696984FA8}
	EndGlobalSection
EndGlobal
